
Microsoft Visual Studio Solution File, Format Version 12.00
# Visual Studio 15
VisualStudioVersion = 15.0.27428.2037
MinimumVisualStudioVersion = 10.0.40219.1
Project("{8BC9CEB8-8B4A-11D0-8D11-00A0C91BC942}") = "Rubic'sCube", "Rubic'sCube\Rubic'sCube.vcxproj", "{AC381362-B9C2-4434-8328-773666C3F146}"
EndProject
Global
	GlobalSection(SolutionConfigurationPlatforms) = preSolution
		Debug|x64 = Debug|x64
		Debug|x86 = Debug|x86
		Release|x64 = Release|x64
		Release|x86 = Release|x86
	EndGlobalSection
	GlobalSection(ProjectConfigurationPlatforms) = postSolution
		{AC381362-B9C2-4434-8328-773666C3F146}.Debug|x64.ActiveCfg = Debug|x64
		{AC381362-B9C2-4434-8328-773666C3F146}.Debug|x64.Build.0 = Debug|x64
		{AC381362-B9C2-4434-8328-773666C3F146}.Debug|x86.ActiveCfg = Debug|Win32
		{AC381362-B9C2-4434-8328-773666C3F146}.Debug|x86.Build.0 = Debug|Win32
		{AC381362-B9C2-4434-8328-773666C3F146}.Release|x64.ActiveCfg = Release|x64
		{AC381362-B9C2-4434-8328-773666C3F146}.Release|x64.Build.0 = Release|x64
		{AC381362-B9C2-4434-8328-773666C3F146}.Release|x86.ActiveCfg = Release|Win32
		{AC381362-B9C2-4434-8328-773666C3F146}.Release|x86.Build.0 = Release|Win32
	EndGlobalSection
	GlobalSection(SolutionProperties) = preSolution
		HideSolutionNode = FALSE
	EndGlobalSection
	GlobalSection(ExtensibilityGlobals) = postSolution
		SolutionGuid = {5534321A-2C70-4B03-8D00-CBD9B5D0ABAD}
	EndGlobalSection
EndGlobal
